
Microsoft Visual Studio Solution File, Format Version 12.00
# Visual Studio Version 16
VisualStudioVersion = 16.0.32802.440
MinimumVisualStudioVersion = 10.0.40219.1
Project("{8BC9CEB8-8B4A-11D0-8D11-00A0C91BC942}") = "PRYAVANZADA01", "PRYAVANZADA01\PRYAVANZADA01.vcxproj", "{FD002047-1478-4D06-807A-5B7197C9D913}"
EndProject
Global
	GlobalSection(SolutionConfigurationPlatforms) = preSolution
		Debug|x64 = Debug|x64
		Debug|x86 = Debug|x86
		Release|x64 = Release|x64
		Release|x86 = Release|x86
	EndGlobalSection
	GlobalSection(ProjectConfigurationPlatforms) = postSolution
		{FD002047-1478-4D06-807A-5B7197C9D913}.Debug|x64.ActiveCfg = Debug|x64
		{FD002047-1478-4D06-807A-5B7197C9D913}.Debug|x64.Build.0 = Debug|x64
		{FD002047-1478-4D06-807A-5B7197C9D913}.Debug|x86.ActiveCfg = Debug|Win32
		{FD002047-1478-4D06-807A-5B7197C9D913}.Debug|x86.Build.0 = Debug|Win32
		{FD002047-1478-4D06-807A-5B7197C9D913}.Release|x64.ActiveCfg = Release|x64
		{FD002047-1478-4D06-807A-5B7197C9D913}.Release|x64.Build.0 = Release|x64
		{FD002047-1478-4D06-807A-5B7197C9D913}.Release|x86.ActiveCfg = Release|Win32
		{FD002047-1478-4D06-807A-5B7197C9D913}.Release|x86.Build.0 = Release|Win32
	EndGlobalSection
	GlobalSection(SolutionProperties) = preSolution
		HideSolutionNode = FALSE
	EndGlobalSection
	GlobalSection(ExtensibilityGlobals) = postSolution
		SolutionGuid = {5FF0533B-923D-4090-89C3-32CBE4215F93}
	EndGlobalSection
EndGlobal
